
Microsoft Visual Studio Solution File, Format Version 12.00
# Visual Studio Version 16
VisualStudioVersion = 16.0.31105.61
MinimumVisualStudioVersion = 10.0.40219.1
Project("{FAE04EC0-301F-11D3-BF4B-00C04F79EFBC}") = "Text_Editor", "Text_Editor.csproj", "{DB91D552-BEA6-4324-BE80-AAA371AFA2BE}"
EndProject
Global
	GlobalSection(SolutionConfigurationPlatforms) = preSolution
		Debug|Any CPU = Debug|Any CPU
		Release|Any CPU = Release|Any CPU
	EndGlobalSection
	GlobalSection(ProjectConfigurationPlatforms) = postSolution
		{DB91D552-BEA6-4324-BE80-AAA371AFA2BE}.Debug|Any CPU.ActiveCfg = Debug|Any CPU
		{DB91D552-BEA6-4324-BE80-AAA371AFA2BE}.Debug|Any CPU.Build.0 = Debug|Any CPU
		{DB91D552-BEA6-4324-BE80-AAA371AFA2BE}.Release|Any CPU.ActiveCfg = Release|Any CPU
		{DB91D552-BEA6-4324-BE80-AAA371AFA2BE}.Release|Any CPU.Build.0 = Release|Any CPU
	EndGlobalSection
	GlobalSection(SolutionProperties) = preSolution
		HideSolutionNode = FALSE
	EndGlobalSection
	GlobalSection(ExtensibilityGlobals) = postSolution
		SolutionGuid = {0B997F5F-EEAC-4D3F-8743-5B921FE84810}
	EndGlobalSection
EndGlobal
